Microsoft Visual Studio Solution File, Format Version 12.00
# Visual Studio Version 17
VisualStudioVersion = 17.5.2.0
MinimumVisualStudioVersion = 10.0.40219.1
Project("{FAE04EC0-301F-11D3-BF4B-00C04F79EFBC}") = "EmployeeSync", "EmployeeSync.csproj", "{4D98130C-9BF6-A45A-C5DA-6A11E7DB575A}"
EndProject
Global
	GlobalSection(SolutionConfigurationPlatforms) = preSolution
		Debug|Any CPU = Debug|Any CPU
		Release|Any CPU = Release|Any CPU
	EndGlobalSection
	GlobalSection(ProjectConfigurationPlatforms) = postSolution
		{4D98130C-9BF6-A45A-C5DA-6A11E7DB575A}.Debug|Any CPU.ActiveCfg = Debug|Any CPU
		{4D98130C-9BF6-A45A-C5DA-6A11E7DB575A}.Debug|Any CPU.Build.0 = Debug|Any CPU
		{4D98130C-9BF6-A45A-C5DA-6A11E7DB575A}.Release|Any CPU.ActiveCfg = Release|Any CPU
		{4D98130C-9BF6-A45A-C5DA-6A11E7DB575A}.Release|Any CPU.Build.0 = Release|Any CPU
	EndGlobalSection
	GlobalSection(SolutionProperties) = preSolution
		HideSolutionNode = FALSE
	EndGlobalSection
	GlobalSection(ExtensibilityGlobals) = postSolution
		SolutionGuid = {A60AF8D1-58AD-4B74-A4A5-9107AD2EA02A}
	EndGlobalSection
EndGlobal
